// !$*UTF8*$!
{
	archiveVersion = 1;
	classes = {
	};
	objectVersion = 46;
	objects = {

/* Begin PBXBuildFile section */
		020175311C6B95CD00708A97 /* RootNavigationControllerViewController.swift in Sources */ = {isa = PBXBuildFile; fileRef = 020175301C6B95CD00708A97 /* RootNavigationControllerViewController.swift */; };
		020175361C6B9F4000708A97 /* ENSwiftSideMenu.framework in Frameworks */ = {isa = PBXBuildFile; fileRef = 020175351C6B9F4000708A97 /* ENSwiftSideMenu.framework */; };
		0201753A1C6B9FB900708A97 /* ENSideMenu.swift in Sources */ = {isa = PBXBuildFile; fileRef = 020175381C6B9FB900708A97 /* ENSideMenu.swift */; };
		0201753B1C6B9FB900708A97 /* ENSideMenuNavigationController.swift in Sources */ = {isa = PBXBuildFile; fileRef = 020175391C6B9FB900708A97 /* ENSideMenuNavigationController.swift */; };
		0201753E1C6BA0AF00708A97 /* MenuViewController.swift in Sources */ = {isa = PBXBuildFile; fileRef = 0201753D1C6BA0AF00708A97 /* MenuViewController.swift */; };
		020175411C6BA0F200708A97 /* MenuHeaderView.xib in Resources */ = {isa = PBXBuildFile; fileRef = 0201753F1C6BA0F200708A97 /* MenuHeaderView.xib */; };
		020175421C6BA0F200708A97 /* MenuHeaderView.swift in Sources */ = {isa = PBXBuildFile; fileRef = 020175401C6BA0F200708A97 /* MenuHeaderView.swift */; };
		020175621C6BA6CB00708A97 /* UtilFunctions.swift in Sources */ = {isa = PBXBuildFile; fileRef = 020175611C6BA6CB00708A97 /* UtilFunctions.swift */; };
		0214811B1C6ADBD400A1F055 /* AppDelegate.swift in Sources */ = {isa = PBXBuildFile; fileRef = 0214811A1C6ADBD400A1F055 /* AppDelegate.swift */; };
		0214811D1C6ADBD400A1F055 /* ViewController.swift in Sources */ = {isa = PBXBuildFile; fileRef = 0214811C1C6ADBD400A1F055 /* ViewController.swift */; };
		021481201C6ADBD400A1F055 /* Main.storyboard in Resources */ = {isa = PBXBuildFile; fileRef = 0214811E1C6ADBD400A1F055 /* Main.storyboard */; };
		021481221C6ADBD400A1F055 /* Assets.xcassets in Resources */ = {isa = PBXBuildFile; fileRef = 021481211C6ADBD400A1F055 /* Assets.xcassets */; };
		021481251C6ADBD400A1F055 /* LaunchScreen.storyboard in Resources */ = {isa = PBXBuildFile; fileRef = 021481231C6ADBD400A1F055 /* LaunchScreen.storyboard */; };
		02DCC40E1C6D51F100658840 /* UIViewController.swift in Sources */ = {isa = PBXBuildFile; fileRef = 02DCC40D1C6D51F100658840 /* UIViewController.swift */; };
		E453AD1A7F7950E660398CDC /* Pods.framework in Frameworks */ = {isa = PBXBuildFile; fileRef = 204ECE9E5B73DF437AF25506 /* Pods.framework */; };
/* End PBXBuildFile section */

/* Begin PBXFileReference section */
		020175301C6B95CD00708A97 /* RootNavigationControllerViewController.swift */ = {isa = PBXFileReference; fileEncoding = 4; lastKnownFileType = sourcecode.swift; path = RootNavigationControllerViewController.swift; sourceTree = "<group>"; };
		020175321C6B99EB00708A97 /* ENSwiftSideMenu.framework */ = {isa = PBXFileReference; lastKnownFileType = wrapper.framework; name = ENSwiftSideMenu.framework; path = "Pods/../build/Debug-iphoneos/ENSwiftSideMenu.framework"; sourceTree = "<group>"; };
		020175351C6B9F4000708A97 /* ENSwiftSideMenu.framework */ = {isa = PBXFileReference; lastKnownFileType = wrapper.framework; name = ENSwiftSideMenu.framework; path = "Pods/../build/Debug-iphoneos/ENSwiftSideMenu.framework"; sourceTree = "<group>"; };
		020175381C6B9FB900708A97 /* ENSideMenu.swift */ = {isa = PBXFileReference; fileEncoding = 4; lastKnownFileType = sourcecode.swift; path = ENSideMenu.swift; sourceTree = "<group>"; };
		020175391C6B9FB900708A97 /* ENSideMenuNavigationController.swift */ = {isa = PBXFileReference; fileEncoding = 4; lastKnownFileType = sourcecode.swift; path = ENSideMenuNavigationController.swift; sourceTree = "<group>"; };
		0201753D1C6BA0AF00708A97 /* MenuViewController.swift */ = {isa = PBXFileReference; fileEncoding = 4; lastKnownFileType = sourcecode.swift; path = MenuViewController.swift; sourceTree = "<group>"; };
		0201753F1C6BA0F200708A97 /* MenuHeaderView.xib */ = {isa = PBXFileReference; fileEncoding = 4; lastKnownFileType = file.xib; path = MenuHeaderView.xib; sourceTree = "<group>"; };
		020175401C6BA0F200708A97 /* MenuHeaderView.swift */ = {isa = PBXFileReference; fileEncoding = 4; lastKnownFileType = sourcecode.swift; path = MenuHeaderView.swift; sourceTree = "<group>"; };
		020175611C6BA6CB00708A97 /* UtilFunctions.swift */ = {isa = PBXFileReference; fileEncoding = 4; lastKnownFileType = sourcecode.swift; path = UtilFunctions.swift; sourceTree = "<group>"; };
		021481171C6ADBD400A1F055 /* TestEnSwiftSideMenu.app */ = {isa = PBXFileReference; explicitFileType = wrapper.application; includeInIndex = 0; path = TestEnSwiftSideMenu.app; sourceTree = BUILT_PRODUCTS_DIR; };
		0214811A1C6ADBD400A1F055 /* AppDelegate.swift */ = {isa = PBXFileReference; lastKnownFileType = sourcecode.swift; path = AppDelegate.swift; sourceTree = "<group>"; };
		0214811C1C6ADBD400A1F055 /* ViewController.swift */ = {isa = PBXFileReference; lastKnownFileType = sourcecode.swift; path = ViewController.swift; sourceTree = "<group>"; };
		0214811F1C6ADBD400A1F055 /* Base */ = {isa = PBXFileReference; lastKnownFileType = file.storyboard; name = Base; path = Base.lproj/Main.storyboard; sourceTree = "<group>"; };
		021481211C6ADBD400A1F055 /* Assets.xcassets */ = {isa = PBXFileReference; lastKnownFileType = folder.assetcatalog; path = Assets.xcassets; sourceTree = "<group>"; };
		021481241C6ADBD400A1F055 /* Base */ = {isa = PBXFileReference; lastKnownFileType = file.storyboard; name = Base; path = Base.lproj/LaunchScreen.storyboard; sourceTree = "<group>"; };
		021481261C6ADBD400A1F055 /* Info.plist */ = {isa = PBXFileReference; lastKnownFileType = text.plist.xml; path = Info.plist; sourceTree = "<group>"; };
		02DCC40D1C6D51F100658840 /* UIViewController.swift */ = {isa = PBXFileReference; fileEncoding = 4; lastKnownFileType = sourcecode.swift; path = UIViewController.swift; sourceTree = "<group>"; };
		03D6D2899B7B0F032F5491C6 /* Pods.debug.xcconfig */ = {isa = PBXFileReference; includeInIndex = 1; lastKnownFileType = text.xcconfig; name = Pods.debug.xcconfig; path = "Pods/Target Support Files/Pods/Pods.debug.xcconfig"; sourceTree = "<group>"; };
		204ECE9E5B73DF437AF25506 /* Pods.framework */ = {isa = PBXFileReference; explicitFileType = wrapper.framework; includeInIndex = 0; path = Pods.framework; sourceTree = BUILT_PRODUCTS_DIR; };
		2F3BD5B06A2D51272EA541E5 /* Pods.release.xcconfig */ = {isa = PBXFileReference; includeInIndex = 1; lastKnownFileType = text.xcconfig; name = Pods.release.xcconfig; path = "Pods/Target Support Files/Pods/Pods.release.xcconfig"; sourceTree = "<group>"; };
/* End PBXFileReference section */

/* Begin PBXFrameworksBuildPhase section */
		021481141C6ADBD400A1F055 /* Frameworks */ = {
			isa = PBXFrameworksBuildPhase;
			buildActionMask = 2147483647;
			files = (
				020175361C6B9F4000708A97 /* ENSwiftSideMenu.framework in Frameworks */,
				E453AD1A7F7950E660398CDC /* Pods.framework in Frameworks */,
			);
			runOnlyForDeploymentPostprocessing = 0;
		};
/* End PBXFrameworksBuildPhase section */

/* Begin PBXGroup section */
		020175371C6B9FA100708A97 /* library */ = {
			isa = PBXGroup;
			children = (
				020175381C6B9FB900708A97 /* ENSideMenu.swift */,
				020175391C6B9FB900708A97 /* ENSideMenuNavigationController.swift */,
			);
			name = library;
			sourceTree = "<group>";
		};
		0214810E1C6ADBD400A1F055 = {
			isa = PBXGroup;
			children = (
				021481191C6ADBD400A1F055 /* TestEnSwiftSideMenu */,
				021481181C6ADBD400A1F055 /* Products */,
				42A4BC3FC333C613787B76BF /* Pods */,
				F5498202EEA855A2AB530D41 /* Frameworks */,
			);
			sourceTree = "<group>";
		};
		021481181C6ADBD400A1F055 /* Products */ = {
			isa = PBXGroup;
			children = (
				021481171C6ADBD400A1F055 /* TestEnSwiftSideMenu.app */,
			);
			name = Products;
			sourceTree = "<group>";
		};
		021481191C6ADBD400A1F055 /* TestEnSwiftSideMenu */ = {
			isa = PBXGroup;
			children = (
				02DCC40C1C6D51AE00658840 /* Extension */,
				020175371C6B9FA100708A97 /* library */,
				0214811A1C6ADBD400A1F055 /* AppDelegate.swift */,
				0201753F1C6BA0F200708A97 /* MenuHeaderView.xib */,
				020175401C6BA0F200708A97 /* MenuHeaderView.swift */,
				0214811C1C6ADBD400A1F055 /* ViewController.swift */,
				0201753D1C6BA0AF00708A97 /* MenuViewController.swift */,
				020175611C6BA6CB00708A97 /* UtilFunctions.swift */,
				0214811E1C6ADBD400A1F055 /* Main.storyboard */,
				021481211C6ADBD400A1F055 /* Assets.xcassets */,
				021481231C6ADBD400A1F055 /* LaunchScreen.storyboard */,
				021481261C6ADBD400A1F055 /* Info.plist */,
				020175301C6B95CD00708A97 /* RootNavigationControllerViewController.swift */,
			);
			path = TestEnSwiftSideMenu;
			sourceTree = "<group>";
		};
		02DCC40C1C6D51AE00658840 /* Extension */ = {
			isa = PBXGroup;
			children = (
				02DCC40D1C6D51F100658840 /* UIViewController.swift */,
			);
			name = Extension;
			sourceTree = "<group>";
		};
		42A4BC3FC333C613787B76BF /* Pods */ = {
			isa = PBXGroup;
			children = (
				03D6D2899B7B0F032F5491C6 /* Pods.debug.xcconfig */,
				2F3BD5B06A2D51272EA541E5 /* Pods.release.xcconfig */,
			);
			name = Pods;
			sourceTree = "<group>";
		};
		F5498202EEA855A2AB530D41 /* Frameworks */ = {
			isa = PBXGroup;
			children = (
				020175351C6B9F4000708A97 /* ENSwiftSideMenu.framework */,
				020175321C6B99EB00708A97 /* ENSwiftSideMenu.framework */,
				204ECE9E5B73DF437AF25506 /* Pods.framework */,
			);
			name = Frameworks;
			sourceTree = "<group>";
		};
/* End PBXGroup section */

/* Begin PBXNativeTarget section */
		021481161C6ADBD400A1F055 /* TestEnSwiftSideMenu */ = {
			isa = PBXNativeTarget;
			buildConfigurationList = 021481291C6ADBD400A1F055 /* Build configuration list for PBXNativeTarget "TestEnSwiftSideMenu" */;
			buildPhases = (
				2D544F3791CA58730DF3DC94 /* Check Pods Manifest.lock */,
				021481131C6ADBD400A1F055 /* Sources */,
				021481141C6ADBD400A1F055 /* Frameworks */,
				021481151C6ADBD400A1F055 /* Resources */,
				D2AC90E1734B0B3380960F03 /* Embed Pods Frameworks */,
				4223B150AD09B5A635CE14A4 /* Copy Pods Resources */,
			);
			buildRules = (
			);
			dependencies = (
			);
			name = TestEnSwiftSideMenu;
			productName = TestEnSwiftSideMenu;
			productReference = 021481171C6ADBD400A1F055 /* TestEnSwiftSideMenu.app */;
			productType = "com.apple.product-type.application";
		};
/* End PBXNativeTarget section */

/* Begin PBXProject section */
		0214810F1C6ADBD400A1F055 /* Project object */ = {
			isa = PBXProject;
			attributes = {
				LastSwiftUpdateCheck = 0720;
				LastUpgradeCheck = 0720;
				ORGANIZATIONNAME = "Jose Manuel Perez";
				TargetAttributes = {
					021481161C6ADBD400A1F055 = {
						CreatedOnToolsVersion = 7.2;
					};
				};
			};
			buildConfigurationList = 021481121C6ADBD400A1F055 /* Build configuration list for PBXProject "TestEnSwiftSideMenu" */;
			compatibilityVersion = "Xcode 3.2";
			developmentRegion = English;
			hasScannedForEncodings = 0;
			knownRegions = (
				en,
				Base,
			);
			mainGroup = 0214810E1C6ADBD400A1F055;
			productRefGroup = 021481181C6ADBD400A1F055 /* Products */;
			projectDirPath = "";
			projectRoot = "";
			targets = (
				021481161C6ADBD400A1F055 /* TestEnSwiftSideMenu */,
			);
		};
/* End PBXProject section */

/* Begin PBXResourcesBuildPhase section */
		021481151C6ADBD400A1F055 /* Resources */ = {
			isa = PBXResourcesBuildPhase;
			buildActionMask = 2147483647;
			files = (
				020175411C6BA0F200708A97 /* MenuHeaderView.xib in Resources */,
				021481251C6ADBD400A1F055 /* LaunchScreen.storyboard in Resources */,
				021481221C6ADBD400A1F055 /* Assets.xcassets in Resources */,
				021481201C6ADBD400A1F055 /* Main.storyboard in Resources */,
			);
			runOnlyForDeploymentPostprocessing = 0;
		};
/* End PBXResourcesBuildPhase section */

/* Begin PBXShellScriptBuildPhase section */
		2D544F3791CA58730DF3DC94 /* Check Pods Manifest.lock */ = {
			isa = PBXShellScriptBuildPhase;
			buildActionMask = 2147483647;
			files = (
			);
			inputPaths = (
			);
			name = "Check Pods Manifest.lock";
			outputPaths = (
			);
			runOnlyForDeploymentPostprocessing = 0;
			shellPath = /bin/sh;
			shellScript = "diff \"${PODS_ROOT}/../Podfile.lock\" \"${PODS_ROOT}/Manifest.lock\" > /dev/null\nif [[ $? != 0 ]] ; then\n    cat << EOM\nerror: The sandbox is not in sync with the Podfile.lock. Run 'pod install' or update your CocoaPods installation.\nEOM\n    exit 1\nfi\n";
			showEnvVarsInLog = 0;
		};
		4223B150AD09B5A635CE14A4 /* Copy Pods Resources */ = {
			isa = PBXShellScriptBuildPhase;
			buildActionMask = 2147483647;
			files = (
			);
			inputPaths = (
			);
			name = "Copy Pods Resources";
			outputPaths = (
			);
			runOnlyForDeploymentPostprocessing = 0;
			shellPath = /bin/sh;
			shellScript = "\"${SRCROOT}/Pods/Target Support Files/Pods/Pods-resources.sh\"\n";
			showEnvVarsInLog = 0;
		};
		D2AC90E1734B0B3380960F03 /* Embed Pods Frameworks */ = {
			isa = PBXShellScriptBuildPhase;
			buildActionMask = 2147483647;
			files = (
			);
			inputPaths = (
			);
			name = "Embed Pods Frameworks";
			outputPaths = (
			);
			runOnlyForDeploymentPostprocessing = 0;
			shellPath = /bin/sh;
			shellScript = "\"${SRCROOT}/Pods/Target Support Files/Pods/Pods-frameworks.sh\"\n";
			showEnvVarsInLog = 0;
		};
/* End PBXShellScriptBuildPhase section */

/* Begin PBXSourcesBuildPhase section */
		021481131C6ADBD400A1F055 /* Sources */ = {
			isa = PBXSourcesBuildPhase;
			buildActionMask = 2147483647;
			files = (
				0201753A1C6B9FB900708A97 /* ENSideMenu.swift in Sources */,
				0201753E1C6BA0AF00708A97 /* MenuViewController.swift in Sources */,
				02DCC40E1C6D51F100658840 /* UIViewController.swift in Sources */,
				0214811D1C6ADBD400A1F055 /* ViewController.swift in Sources */,
				020175311C6B95CD00708A97 /* RootNavigationControllerViewController.swift in Sources */,
				020175421C6BA0F200708A97 /* MenuHeaderView.swift in Sources */,
				020175621C6BA6CB00708A97 /* UtilFunctions.swift in Sources */,
				0201753B1C6B9FB900708A97 /* ENSideMenuNavigationController.swift in Sources */,
				0214811B1C6ADBD400A1F055 /* AppDelegate.swift in Sources */,
			);
			runOnlyForDeploymentPostprocessing = 0;
		};
/* End PBXSourcesBuildPhase section */

/* Begin PBXVariantGroup section */
		0214811E1C6ADBD400A1F055 /* Main.storyboard */ = {
			isa = PBXVariantGroup;
			children = (
				0214811F1C6ADBD400A1F055 /* Base */,
			);
			name = Main.storyboard;
			sourceTree = "<group>";
		};
		021481231C6ADBD400A1F055 /* LaunchScreen.storyboard */ = {
			isa = PBXVariantGroup;
			children = (
				021481241C6ADBD400A1F055 /* Base */,
			);
			name = LaunchScreen.storyboard;
			sourceTree = "<group>";
		};
/* End PBXVariantGroup section */

/* Begin XCBuildConfiguration section */
		021481271C6ADBD400A1F055 /* Debug */ = {
			isa = XCBuildConfiguration;
			buildSettings = {
				ALWAYS_SEARCH_USER_PATHS = NO;
				CLANG_CXX_LANGUAGE_STANDARD = "gnu++0x";
				CLANG_CXX_LIBRARY = "libc++";
				CLANG_ENABLE_MODULES = YES;
				CLANG_ENABLE_OBJC_ARC = YES;
				CLANG_WARN_BOOL_CONVERSION = YES;
				CLANG_WARN_CONSTANT_CONVERSION = YES;
				CLANG_WARN_DIRECT_OBJC_ISA_USAGE = YES_ERROR;
				CLANG_WARN_EMPTY_BODY = YES;
				CLANG_WARN_ENUM_CONVERSION = YES;
				CLANG_WARN_INT_CONVERSION = YES;
				CLANG_WARN_OBJC_ROOT_CLASS = YES_ERROR;
				CLANG_WARN_UNREACHABLE_CODE = YES;
				CLANG_WARN__DUPLICATE_METHOD_MATCH = YES;
				"CODE_SIGN_IDENTITY[sdk=iphoneos*]" = "iPhone Developer";
				COPY_PHASE_STRIP = NO;
				DEBUG_INFORMATION_FORMAT = dwarf;
				ENABLE_STRICT_OBJC_MSGSEND = YES;
				ENABLE_TESTABILITY = YES;
				GCC_C_LANGUAGE_STANDARD = gnu99;
				GCC_DYNAMIC_NO_PIC = NO;
				GCC_NO_COMMON_BLOCKS = YES;
				GCC_OPTIMIZATION_LEVEL = 0;
				GCC_PREPROCESSOR_DEFINITIONS = (
					"DEBUG=1",
					"$(inherited)",
				);
				GCC_WARN_64_TO_32_BIT_CONVERSION = YES;
				GCC_WARN_ABOUT_RETURN_TYPE = YES_ERROR;
				GCC_WARN_UNDECLARED_SELECTOR = YES;
				GCC_WARN_UNINITIALIZED_AUTOS = YES_AGGRESSIVE;
				GCC_WARN_UNUSED_FUNCTION = YES;
				GCC_WARN_UNUSED_VARIABLE = YES;
				IPHONEOS_DEPLOYMENT_TARGET = 9.2;
				MTL_ENABLE_DEBUG_INFO = YES;
				ONLY_ACTIVE_ARCH = YES;
				SDKROOT = iphoneos;
				SWIFT_OPTIMIZATION_LEVEL = "-Onone";
			};
			name = Debug;
		};
		021481281C6ADBD400A1F055 /* Release */ = {
			isa = XCBuildConfiguration;
			buildSettings = {
				ALWAYS_SEARCH_USER_PATHS = NO;
				CLANG_CXX_LANGUAGE_STANDARD = "gnu++0x";
				CLANG_CXX_LIBRARY = "libc++";
				CLANG_ENABLE_MODULES = YES;
				CLANG_ENABLE_OBJC_ARC = YES;
				CLANG_WARN_BOOL_CONVERSION = YES;
				CLANG_WARN_CONSTANT_CONVERSION = YES;
				CLANG_WARN_DIRECT_OBJC_ISA_USAGE = YES_ERROR;
				CLANG_WARN_EMPTY_BODY = YES;
				CLANG_WARN_ENUM_CONVERSION = YES;
				CLANG_WARN_INT_CONVERSION = YES;
				CLANG_WARN_OBJC_ROOT_CLASS = YES_ERROR;
				CLANG_WARN_UNREACHABLE_CODE = YES;
				CLANG_WARN__DUPLICATE_METHOD_MATCH = YES;
				"CODE_SIGN_IDENTITY[sdk=iphoneos*]" = "iPhone Developer";
				COPY_PHASE_STRIP = NO;
				DEBUG_INFORMATION_FORMAT = "dwarf-with-dsym";
				ENABLE_NS_ASSERTIONS = NO;
				ENABLE_STRICT_OBJC_MSGSEND = YES;
				GCC_C_LANGUAGE_STANDARD = gnu99;
				GCC_NO_COMMON_BLOCKS = YES;
				GCC_WARN_64_TO_32_BIT_CONVERSION = YES;
				GCC_WARN_ABOUT_RETURN_TYPE = YES_ERROR;
				GCC_WARN_UNDECLARED_SELECTOR = YES;
				GCC_WARN_UNINITIALIZED_AUTOS = YES_AGGRESSIVE;
				GCC_WARN_UNUSED_FUNCTION = YES;
				GCC_WARN_UNUSED_VARIABLE = YES;
				IPHONEOS_DEPLOYMENT_TARGET = 9.2;
				MTL_ENABLE_DEBUG_INFO = NO;
				SDKROOT = iphoneos;
				VALIDATE_PRODUCT = YES;
			};
			name = Release;
		};
		0214812A1C6ADBD400A1F055 /* Debug */ = {
			isa = XCBuildConfiguration;
			baseConfigurationReference = 03D6D2899B7B0F032F5491C6 /* Pods.debug.xcconfig */;
			buildSettings = {
				ASSETCATALOG_COMPILER_APPICON_NAME = AppIcon;
				FRAMEWORK_SEARCH_PATHS = (
					"$(inherited)",
					"$(PROJECT_DIR)/build/Debug-iphoneos",
				);
				INFOPLIST_FILE = TestEnSwiftSideMenu/Info.plist;
				IPHONEOS_DEPLOYMENT_TARGET = 8.0;
				LD_RUNPATH_SEARCH_PATHS = "$(inherited) @executable_path/Frameworks";
				PRODUCT_BUNDLE_IDENTIFIER = tps.apps.testmaterial.TestEnSwiftSideMenu;
				PRODUCT_NAME = "$(TARGET_NAME)";
			};
			name = Debug;
		};
		0214812B1C6ADBD400A1F055 /* Release */ = {
			isa = XCBuildConfiguration;
			baseConfigurationReference = 2F3BD5B06A2D51272EA541E5 /* Pods.release.xcconfig */;
			buildSettings = {
				ASSETCATALOG_COMPILER_APPICON_NAME = AppIcon;
				FRAMEWORK_SEARCH_PATHS = (
					"$(inherited)",
					"$(PROJECT_DIR)/build/Debug-iphoneos",
				);
				INFOPLIST_FILE = TestEnSwiftSideMenu/Info.plist;
				IPHONEOS_DEPLOYMENT_TARGET = 8.0;
				LD_RUNPATH_SEARCH_PATHS = "$(inherited) @executable_path/Frameworks";
				PRODUCT_BUNDLE_IDENTIFIER = tps.apps.testmaterial.TestEnSwiftSideMenu;
				PRODUCT_NAME = "$(TARGET_NAME)";
			};
			name = Release;
		};
/* End XCBuildConfiguration section */

/* Begin XCConfigurationList section */
		021481121C6ADBD400A1F055 /* Build configuration list for PBXProject "TestEnSwiftSideMenu" */ = {
			isa = XCConfigurationList;
			buildConfigurations = (
				021481271C6ADBD400A1F055 /* Debug */,
				021481281C6ADBD400A1F055 /* Release */,
			);
			defaultConfigurationIsVisible = 0;
			defaultConfigurationName = Release;
		};
		021481291C6ADBD400A1F055 /* Build configuration list for PBXNativeTarget "TestEnSwiftSideMenu" */ = {
			isa = XCConfigurationList;
			buildConfigurations = (
				0214812A1C6ADBD400A1F055 /* Debug */,
				0214812B1C6ADBD400A1F055 /* Release */,
			);
			defaultConfigurationIsVisible = 0;
			defaultConfigurationName = Release;
		};
/* End XCConfigurationList section */
	};
	rootObject = 0214810F1C6ADBD400A1F055 /* Project object */;
}
